// !$*UTF8*$!
{
	archiveVersion = 1;
	classes = {
	};
	objectVersion = 46;
	objects = {

/* Begin PBXBuildFile section */
		5154E2731DACF3E900E52B20 /* TradeItAdConfig.swift in Sources */ = {isa = PBXBuildFile; fileRef = 751A50651D527BE70091A171 /* TradeItAdConfig.swift */; };
		5154E2741DACF3ED00E52B20 /* TradeItAdConfig.swift in Sources */ = {isa = PBXBuildFile; fileRef = 751A50651D527BE70091A171 /* TradeItAdConfig.swift */; };
		5154E2771DACFD1A00E52B20 /* BundleProvider.swift in Sources */ = {isa = PBXBuildFile; fileRef = FAE069D81D63D5740073A5A4 /* BundleProvider.swift */; };
		750FA0AD1D4AAD8800CE8753 /* TradeItAdView.xib in Resources */ = {isa = PBXBuildFile; fileRef = 750FA0AC1D4AAD8800CE8753 /* TradeItAdView.xib */; };
		750FA0AF1D4AAEE000CE8753 /* TradeItAdView.swift in Sources */ = {isa = PBXBuildFile; fileRef = 750FA0AE1D4AAEE000CE8753 /* TradeItAdView.swift */; };
		750FA0BC1D4BB6AA00CE8753 /* AdService.swift in Sources */ = {isa = PBXBuildFile; fileRef = 750FA0BB1D4BB6AA00CE8753 /* AdService.swift */; };
		7517A39B1D4A945500D52880 /* TradeItIosAdSdk.h in Headers */ = {isa = PBXBuildFile; fileRef = 7517A39A1D4A945500D52880 /* TradeItIosAdSdk.h */; settings = {ATTRIBUTES = (Public, ); }; };
		7517A3A21D4A945500D52880 /* TradeItIosAdSdk.framework in Frameworks */ = {isa = PBXBuildFile; fileRef = 7517A3971D4A945500D52880 /* TradeItIosAdSdk.framework */; };
		7517A3A71D4A945500D52880 /* TradeItIosAdSdkTests.swift in Sources */ = {isa = PBXBuildFile; fileRef = 7517A3A61D4A945500D52880 /* TradeItIosAdSdkTests.swift */; };
		7519E3DB1D591B6A0031DF50 /* AppDelegate.swift in Sources */ = {isa = PBXBuildFile; fileRef = 7519E3DA1D591B6A0031DF50 /* AppDelegate.swift */; };
		7519E3DD1D591B6A0031DF50 /* ViewController.swift in Sources */ = {isa = PBXBuildFile; fileRef = 7519E3DC1D591B6A0031DF50 /* ViewController.swift */; };
		7519E3E01D591B6A0031DF50 /* Main.storyboard in Resources */ = {isa = PBXBuildFile; fileRef = 7519E3DE1D591B6A0031DF50 /* Main.storyboard */; };
		7519E3E21D591B6A0031DF50 /* Assets.xcassets in Resources */ = {isa = PBXBuildFile; fileRef = 7519E3E11D591B6A0031DF50 /* Assets.xcassets */; };
		7519E3E51D591B6A0031DF50 /* LaunchScreen.storyboard in Resources */ = {isa = PBXBuildFile; fileRef = 7519E3E31D591B6A0031DF50 /* LaunchScreen.storyboard */; };
		7519E3F01D591B6B0031DF50 /* ExampleAppUITests.swift in Sources */ = {isa = PBXBuildFile; fileRef = 7519E3EF1D591B6B0031DF50 /* ExampleAppUITests.swift */; };
		7519E3F81D591C390031DF50 /* TradeItAdView.xib in Resources */ = {isa = PBXBuildFile; fileRef = 750FA0AC1D4AAD8800CE8753 /* TradeItAdView.xib */; };
		7519E3F91D591C390031DF50 /* TradeItAdView.swift in Sources */ = {isa = PBXBuildFile; fileRef = 750FA0AE1D4AAEE000CE8753 /* TradeItAdView.swift */; };
		7519E3FA1D591C390031DF50 /* TradeItAdError.swift in Sources */ = {isa = PBXBuildFile; fileRef = 758929C11D50E841004DC908 /* TradeItAdError.swift */; };
		7519E3FC1D591C390031DF50 /* TradeItAdEnvironment.swift in Sources */ = {isa = PBXBuildFile; fileRef = 751A50671D527C040091A171 /* TradeItAdEnvironment.swift */; };
		7519E3FD1D591C440031DF50 /* TradeItAdView.xib in Resources */ = {isa = PBXBuildFile; fileRef = 750FA0AC1D4AAD8800CE8753 /* TradeItAdView.xib */; };
		7519E3FE1D591C440031DF50 /* TradeItAdView.swift in Sources */ = {isa = PBXBuildFile; fileRef = 750FA0AE1D4AAEE000CE8753 /* TradeItAdView.swift */; };
		7519E3FF1D591C440031DF50 /* TradeItAdError.swift in Sources */ = {isa = PBXBuildFile; fileRef = 758929C11D50E841004DC908 /* TradeItAdError.swift */; };
		7519E4001D591C440031DF50 /* TradeItAdConfig.swift in Sources */ = {isa = PBXBuildFile; fileRef = 751A50651D527BE70091A171 /* TradeItAdConfig.swift */; };
		7519E4011D591C440031DF50 /* TradeItAdEnvironment.swift in Sources */ = {isa = PBXBuildFile; fileRef = 751A50671D527C040091A171 /* TradeItAdEnvironment.swift */; };
		7519E4021D591C4F0031DF50 /* AdService.swift in Sources */ = {isa = PBXBuildFile; fileRef = 750FA0BB1D4BB6AA00CE8753 /* AdService.swift */; };
		7519E4031D591C4F0031DF50 /* AdService.swift in Sources */ = {isa = PBXBuildFile; fileRef = 750FA0BB1D4BB6AA00CE8753 /* AdService.swift */; };
		751A50681D527C040091A171 /* TradeItAdEnvironment.swift in Sources */ = {isa = PBXBuildFile; fileRef = 751A50671D527C040091A171 /* TradeItAdEnvironment.swift */; };
		75297DF21D5A754700EC4C32 /* SSLPinningDelegate.swift in Sources */ = {isa = PBXBuildFile; fileRef = 75297DF11D5A754700EC4C32 /* SSLPinningDelegate.swift */; };
		75297DF31D5A754700EC4C32 /* SSLPinningDelegate.swift in Sources */ = {isa = PBXBuildFile; fileRef = 75297DF11D5A754700EC4C32 /* SSLPinningDelegate.swift */; };
		75297DF41D5A754700EC4C32 /* SSLPinningDelegate.swift in Sources */ = {isa = PBXBuildFile; fileRef = 75297DF11D5A754700EC4C32 /* SSLPinningDelegate.swift */; };
		75297DF71D5A851800EC4C32 /* server-prod.der in Resources */ = {isa = PBXBuildFile; fileRef = 75297DF51D5A851800EC4C32 /* server-prod.der */; };
		75297DF81D5A851800EC4C32 /* server-prod.der in Resources */ = {isa = PBXBuildFile; fileRef = 75297DF51D5A851800EC4C32 /* server-prod.der */; };
		75297DF91D5A851800EC4C32 /* server-prod.der in Resources */ = {isa = PBXBuildFile; fileRef = 75297DF51D5A851800EC4C32 /* server-prod.der */; };
		75297DFA1D5A851800EC4C32 /* server-qa.der in Resources */ = {isa = PBXBuildFile; fileRef = 75297DF61D5A851800EC4C32 /* server-qa.der */; };
		75297DFB1D5A851800EC4C32 /* server-qa.der in Resources */ = {isa = PBXBuildFile; fileRef = 75297DF61D5A851800EC4C32 /* server-qa.der */; };
		75297DFC1D5A851800EC4C32 /* server-qa.der in Resources */ = {isa = PBXBuildFile; fileRef = 75297DF61D5A851800EC4C32 /* server-qa.der */; };
		758929C21D50E841004DC908 /* TradeItAdError.swift in Sources */ = {isa = PBXBuildFile; fileRef = 758929C11D50E841004DC908 /* TradeItAdError.swift */; };
		FAE069D91D63D5740073A5A4 /* BundleProvider.swift in Sources */ = {isa = PBXBuildFile; fileRef = FAE069D81D63D5740073A5A4 /* BundleProvider.swift */; };
		FAE069DA1D63D5770073A5A4 /* BundleProvider.swift in Sources */ = {isa = PBXBuildFile; fileRef = FAE069D81D63D5740073A5A4 /* BundleProvider.swift */; };
/* End PBXBuildFile section */

/* Begin PBXContainerItemProxy section */
		7517A3A31D4A945500D52880 /* PBXContainerItemProxy */ = {
			isa = PBXContainerItemProxy;
			containerPortal = 7517A38E1D4A945500D52880 /* Project object */;
			proxyType = 1;
			remoteGlobalIDString = 7517A3961D4A945500D52880;
			remoteInfo = TradeItIosAdSdk;
		};
		7519E3EC1D591B6B0031DF50 /* PBXContainerItemProxy */ = {
			isa = PBXContainerItemProxy;
			containerPortal = 7517A38E1D4A945500D52880 /* Project object */;
			proxyType = 1;
			remoteGlobalIDString = 7519E3D71D591B6A0031DF50;
			remoteInfo = ExampleApp;
		};
/* End PBXContainerItemProxy section */

/* Begin PBXFileReference section */
		750FA0AC1D4AAD8800CE8753 /* TradeItAdView.xib */ = {isa = PBXFileReference; fileEncoding = 4; lastKnownFileType = file.xib; path = TradeItAdView.xib; sourceTree = "<group>"; };
		750FA0AE1D4AAEE000CE8753 /* TradeItAdView.swift */ = {isa = PBXFileReference; fileEncoding = 4; lastKnownFileType = sourcecode.swift; path = TradeItAdView.swift; sourceTree = "<group>"; };
		750FA0BB1D4BB6AA00CE8753 /* AdService.swift */ = {isa = PBXFileReference; fileEncoding = 4; lastKnownFileType = sourcecode.swift; path = AdService.swift; sourceTree = "<group>"; };
		7517A3971D4A945500D52880 /* TradeItIosAdSdk.framework */ = {isa = PBXFileReference; explicitFileType = wrapper.framework; includeInIndex = 0; path = TradeItIosAdSdk.framework; sourceTree = BUILT_PRODUCTS_DIR; };
		7517A39A1D4A945500D52880 /* TradeItIosAdSdk.h */ = {isa = PBXFileReference; lastKnownFileType = sourcecode.c.h; path = TradeItIosAdSdk.h; sourceTree = "<group>"; };
		7517A39C1D4A945500D52880 /* Info.plist */ = {isa = PBXFileReference; lastKnownFileType = text.plist.xml; path = Info.plist; sourceTree = "<group>"; };
		7517A3A11D4A945500D52880 /* TradeItIosAdSdkTests.xctest */ = {isa = PBXFileReference; explicitFileType = wrapper.cfbundle; includeInIndex = 0; path = TradeItIosAdSdkTests.xctest; sourceTree = BUILT_PRODUCTS_DIR; };
		7517A3A61D4A945500D52880 /* TradeItIosAdSdkTests.swift */ = {isa = PBXFileReference; lastKnownFileType = sourcecode.swift; path = TradeItIosAdSdkTests.swift; sourceTree = "<group>"; };
		7517A3A81D4A945500D52880 /* Info.plist */ = {isa = PBXFileReference; lastKnownFileType = text.plist.xml; path = Info.plist; sourceTree = "<group>"; };
		7519E3D81D591B6A0031DF50 /* ExampleApp.app */ = {isa = PBXFileReference; explicitFileType = wrapper.application; includeInIndex = 0; path = ExampleApp.app; sourceTree = BUILT_PRODUCTS_DIR; };
		7519E3DA1D591B6A0031DF50 /* AppDelegate.swift */ = {isa = PBXFileReference; lastKnownFileType = sourcecode.swift; path = AppDelegate.swift; sourceTree = "<group>"; };
		7519E3DC1D591B6A0031DF50 /* ViewController.swift */ = {isa = PBXFileReference; lastKnownFileType = sourcecode.swift; path = ViewController.swift; sourceTree = "<group>"; };
		7519E3DF1D591B6A0031DF50 /* Base */ = {isa = PBXFileReference; lastKnownFileType = file.storyboard; name = Base; path = Base.lproj/Main.storyboard; sourceTree = "<group>"; };
		7519E3E11D591B6A0031DF50 /* Assets.xcassets */ = {isa = PBXFileReference; lastKnownFileType = folder.assetcatalog; path = Assets.xcassets; sourceTree = "<group>"; };
		7519E3E41D591B6A0031DF50 /* Base */ = {isa = PBXFileReference; lastKnownFileType = file.storyboard; name = Base; path = Base.lproj/LaunchScreen.storyboard; sourceTree = "<group>"; };
		7519E3E61D591B6A0031DF50 /* Info.plist */ = {isa = PBXFileReference; lastKnownFileType = text.plist.xml; path = Info.plist; sourceTree = "<group>"; };
		7519E3EB1D591B6B0031DF50 /* ExampleAppUITests.xctest */ = {isa = PBXFileReference; explicitFileType = wrapper.cfbundle; includeInIndex = 0; path = ExampleAppUITests.xctest; sourceTree = BUILT_PRODUCTS_DIR; };
		7519E3EF1D591B6B0031DF50 /* ExampleAppUITests.swift */ = {isa = PBXFileReference; lastKnownFileType = sourcecode.swift; path = ExampleAppUITests.swift; sourceTree = "<group>"; };
		7519E3F11D591B6B0031DF50 /* Info.plist */ = {isa = PBXFileReference; lastKnownFileType = text.plist.xml; path = Info.plist; sourceTree = "<group>"; };
		751A50651D527BE70091A171 /* TradeItAdConfig.swift */ = {isa = PBXFileReference; fileEncoding = 4; lastKnownFileType = sourcecode.swift; path = TradeItAdConfig.swift; sourceTree = "<group>"; };
		751A50671D527C040091A171 /* TradeItAdEnvironment.swift */ = {isa = PBXFileReference; fileEncoding = 4; lastKnownFileType = sourcecode.swift; path = TradeItAdEnvironment.swift; sourceTree = "<group>"; };
		75297DF11D5A754700EC4C32 /* SSLPinningDelegate.swift */ = {isa = PBXFileReference; fileEncoding = 4; lastKnownFileType = sourcecode.swift; path = SSLPinningDelegate.swift; sourceTree = "<group>"; };
		75297DF51D5A851800EC4C32 /* server-prod.der */ = {isa = PBXFileReference; lastKnownFileType = file; name = "server-prod.der"; path = "TradeItIosAdSdk/Resources/server-prod.der"; sourceTree = "<group>"; };
		75297DF61D5A851800EC4C32 /* server-qa.der */ = {isa = PBXFileReference; lastKnownFileType = file; name = "server-qa.der"; path = "TradeItIosAdSdk/Resources/server-qa.der"; sourceTree = "<group>"; };
		758929C11D50E841004DC908 /* TradeItAdError.swift */ = {isa = PBXFileReference; fileEncoding = 4; lastKnownFileType = sourcecode.swift; path = TradeItAdError.swift; sourceTree = "<group>"; };
		FAE069D81D63D5740073A5A4 /* BundleProvider.swift */ = {isa = PBXFileReference; fileEncoding = 4; lastKnownFileType = sourcecode.swift; path = BundleProvider.swift; sourceTree = "<group>"; };
/* End PBXFileReference section */

/* Begin PBXFrameworksBuildPhase section */
		7517A3931D4A945500D52880 /* Frameworks */ = {
			isa = PBXFrameworksBuildPhase;
			buildActionMask = 2147483647;
			files = (
			);
			runOnlyForDeploymentPostprocessing = 0;
		};
		7517A39E1D4A945500D52880 /* Frameworks */ = {
			isa = PBXFrameworksBuildPhase;
			buildActionMask = 2147483647;
			files = (
				7517A3A21D4A945500D52880 /* TradeItIosAdSdk.framework in Frameworks */,
			);
			runOnlyForDeploymentPostprocessing = 0;
		};
		7519E3D51D591B6A0031DF50 /* Frameworks */ = {
			isa = PBXFrameworksBuildPhase;
			buildActionMask = 2147483647;
			files = (
			);
			runOnlyForDeploymentPostprocessing = 0;
		};
		7519E3E81D591B6B0031DF50 /* Frameworks */ = {
			isa = PBXFrameworksBuildPhase;
			buildActionMask = 2147483647;
			files = (
			);
			runOnlyForDeploymentPostprocessing = 0;
		};
/* End PBXFrameworksBuildPhase section */

/* Begin PBXGroup section */
		750FA0BA1D4BB68000CE8753 /* Services */ = {
			isa = PBXGroup;
			children = (
				750FA0BB1D4BB6AA00CE8753 /* AdService.swift */,
				75297DF11D5A754700EC4C32 /* SSLPinningDelegate.swift */,
			);
			name = Services;
			sourceTree = "<group>";
		};
		7517A38D1D4A945500D52880 = {
			isa = PBXGroup;
			children = (
				75297DF01D5A745C00EC4C32 /* Resources */,
				7517A3991D4A945500D52880 /* TradeItIosAdSdk */,
				7517A3A51D4A945500D52880 /* TradeItIosAdSdkTests */,
				7519E3D91D591B6A0031DF50 /* ExampleApp */,
				7519E3EE1D591B6B0031DF50 /* ExampleAppUITests */,
				7517A3981D4A945500D52880 /* Products */,
			);
			sourceTree = "<group>";
		};
		7517A3981D4A945500D52880 /* Products */ = {
			isa = PBXGroup;
			children = (
				7517A3971D4A945500D52880 /* TradeItIosAdSdk.framework */,
				7517A3A11D4A945500D52880 /* TradeItIosAdSdkTests.xctest */,
				7519E3D81D591B6A0031DF50 /* ExampleApp.app */,
				7519E3EB1D591B6B0031DF50 /* ExampleAppUITests.xctest */,
			);
			name = Products;
			sourceTree = "<group>";
		};
		7517A3991D4A945500D52880 /* TradeItIosAdSdk */ = {
			isa = PBXGroup;
			children = (
				FAE069D81D63D5740073A5A4 /* BundleProvider.swift */,
				750FA0BA1D4BB68000CE8753 /* Services */,
				7517A39A1D4A945500D52880 /* TradeItIosAdSdk.h */,
				7517A39C1D4A945500D52880 /* Info.plist */,
				750FA0AC1D4AAD8800CE8753 /* TradeItAdView.xib */,
				750FA0AE1D4AAEE000CE8753 /* TradeItAdView.swift */,
				758929C11D50E841004DC908 /* TradeItAdError.swift */,
				751A50651D527BE70091A171 /* TradeItAdConfig.swift */,
				751A50671D527C040091A171 /* TradeItAdEnvironment.swift */,
			);
			path = TradeItIosAdSdk;
			sourceTree = "<group>";
		};
		7517A3A51D4A945500D52880 /* TradeItIosAdSdkTests */ = {
			isa = PBXGroup;
			children = (
				7517A3A61D4A945500D52880 /* TradeItIosAdSdkTests.swift */,
				7517A3A81D4A945500D52880 /* Info.plist */,
			);
			path = TradeItIosAdSdkTests;
			sourceTree = "<group>";
		};
		7519E3D91D591B6A0031DF50 /* ExampleApp */ = {
			isa = PBXGroup;
			children = (
				7519E3DA1D591B6A0031DF50 /* AppDelegate.swift */,
				7519E3DC1D591B6A0031DF50 /* ViewController.swift */,
				7519E3DE1D591B6A0031DF50 /* Main.storyboard */,
				7519E3E11D591B6A0031DF50 /* Assets.xcassets */,
				7519E3E31D591B6A0031DF50 /* LaunchScreen.storyboard */,
				7519E3E61D591B6A0031DF50 /* Info.plist */,
			);
			path = ExampleApp;
			sourceTree = "<group>";
		};
		7519E3EE1D591B6B0031DF50 /* ExampleAppUITests */ = {
			isa = PBXGroup;
			children = (
				7519E3EF1D591B6B0031DF50 /* ExampleAppUITests.swift */,
				7519E3F11D591B6B0031DF50 /* Info.plist */,
			);
			path = ExampleAppUITests;
			sourceTree = "<group>";
		};
		75297DF01D5A745C00EC4C32 /* Resources */ = {
			isa = PBXGroup;
			children = (
				75297DF51D5A851800EC4C32 /* server-prod.der */,
				75297DF61D5A851800EC4C32 /* server-qa.der */,
			);
			name = Resources;
			sourceTree = "<group>";
		};
/* End PBXGroup section */

/* Begin PBXHeadersBuildPhase section */
		7517A3941D4A945500D52880 /* Headers */ = {
			isa = PBXHeadersBuildPhase;
			buildActionMask = 2147483647;
			files = (
				7517A39B1D4A945500D52880 /* TradeItIosAdSdk.h in Headers */,
			);
			runOnlyForDeploymentPostprocessing = 0;
		};
/* End PBXHeadersBuildPhase section */

/* Begin PBXNativeTarget section */
		7517A3961D4A945500D52880 /* TradeItIosAdSdk */ = {
			isa = PBXNativeTarget;
			buildConfigurationList = 7517A3AB1D4A945500D52880 /* Build configuration list for PBXNativeTarget "TradeItIosAdSdk" */;
			buildPhases = (
				7517A3921D4A945500D52880 /* Sources */,
				7517A3931D4A945500D52880 /* Frameworks */,
				7517A3941D4A945500D52880 /* Headers */,
				7517A3951D4A945500D52880 /* Resources */,
			);
			buildRules = (
			);
			dependencies = (
			);
			name = TradeItIosAdSdk;
			productName = TradeItIosAdSdk;
			productReference = 7517A3971D4A945500D52880 /* TradeItIosAdSdk.framework */;
			productType = "com.apple.product-type.framework";
		};
		7517A3A01D4A945500D52880 /* TradeItIosAdSdkTests */ = {
			isa = PBXNativeTarget;
			buildConfigurationList = 7517A3AE1D4A945500D52880 /* Build configuration list for PBXNativeTarget "TradeItIosAdSdkTests" */;
			buildPhases = (
				7517A39D1D4A945500D52880 /* Sources */,
				7517A39E1D4A945500D52880 /* Frameworks */,
				7517A39F1D4A945500D52880 /* Resources */,
			);
			buildRules = (
			);
			dependencies = (
				7517A3A41D4A945500D52880 /* PBXTargetDependency */,
			);
			name = TradeItIosAdSdkTests;
			productName = TradeItIosAdSdkTests;
			productReference = 7517A3A11D4A945500D52880 /* TradeItIosAdSdkTests.xctest */;
			productType = "com.apple.product-type.bundle.unit-test";
		};
		7519E3D71D591B6A0031DF50 /* ExampleApp */ = {
			isa = PBXNativeTarget;
			buildConfigurationList = 7519E3F61D591B6B0031DF50 /* Build configuration list for PBXNativeTarget "ExampleApp" */;
			buildPhases = (
				7519E3D41D591B6A0031DF50 /* Sources */,
				7519E3D51D591B6A0031DF50 /* Frameworks */,
				7519E3D61D591B6A0031DF50 /* Resources */,
			);
			buildRules = (
			);
			dependencies = (
			);
			name = ExampleApp;
			productName = ExampleApp;
			productReference = 7519E3D81D591B6A0031DF50 /* ExampleApp.app */;
			productType = "com.apple.product-type.application";
		};
		7519E3EA1D591B6B0031DF50 /* ExampleAppUITests */ = {
			isa = PBXNativeTarget;
			buildConfigurationList = 7519E3F71D591B6B0031DF50 /* Build configuration list for PBXNativeTarget "ExampleAppUITests" */;
			buildPhases = (
				7519E3E71D591B6B0031DF50 /* Sources */,
				7519E3E81D591B6B0031DF50 /* Frameworks */,
				7519E3E91D591B6B0031DF50 /* Resources */,
			);
			buildRules = (
			);
			dependencies = (
				7519E3ED1D591B6B0031DF50 /* PBXTargetDependency */,
			);
			name = ExampleAppUITests;
			productName = ExampleAppUITests;
			productReference = 7519E3EB1D591B6B0031DF50 /* ExampleAppUITests.xctest */;
			productType = "com.apple.product-type.bundle.ui-testing";
		};
/* End PBXNativeTarget section */

/* Begin PBXProject section */
		7517A38E1D4A945500D52880 /* Project object */ = {
			isa = PBXProject;
			attributes = {
				LastSwiftUpdateCheck = 0730;
				LastUpgradeCheck = 0800;
				ORGANIZATIONNAME = TradeIt;
				TargetAttributes = {
					7517A3961D4A945500D52880 = {
						CreatedOnToolsVersion = 7.3.1;
						LastSwiftMigration = 0800;
					};
					7517A3A01D4A945500D52880 = {
						CreatedOnToolsVersion = 7.3.1;
						LastSwiftMigration = 0800;
					};
					7519E3D71D591B6A0031DF50 = {
						CreatedOnToolsVersion = 7.3.1;
						DevelopmentTeam = C5Z385S54U;
						LastSwiftMigration = 0800;
					};
					7519E3EA1D591B6B0031DF50 = {
						CreatedOnToolsVersion = 7.3.1;
						LastSwiftMigration = 0800;
						TestTargetID = 7519E3D71D591B6A0031DF50;
					};
				};
			};
			buildConfigurationList = 7517A3911D4A945500D52880 /* Build configuration list for PBXProject "TradeItIosAdSdk" */;
			compatibilityVersion = "Xcode 3.2";
			developmentRegion = English;
			hasScannedForEncodings = 0;
			knownRegions = (
				en,
				Base,
			);
			mainGroup = 7517A38D1D4A945500D52880;
			productRefGroup = 7517A3981D4A945500D52880 /* Products */;
			projectDirPath = "";
			projectRoot = "";
			targets = (
				7517A3961D4A945500D52880 /* TradeItIosAdSdk */,
				7517A3A01D4A945500D52880 /* TradeItIosAdSdkTests */,
				7519E3D71D591B6A0031DF50 /* ExampleApp */,
				7519E3EA1D591B6B0031DF50 /* ExampleAppUITests */,
			);
		};
/* End PBXProject section */

/* Begin PBXResourcesBuildPhase section */
		7517A3951D4A945500D52880 /* Resources */ = {
			isa = PBXResourcesBuildPhase;
			buildActionMask = 2147483647;
			files = (
				75297DFA1D5A851800EC4C32 /* server-qa.der in Resources */,
				750FA0AD1D4AAD8800CE8753 /* TradeItAdView.xib in Resources */,
				75297DF71D5A851800EC4C32 /* server-prod.der in Resources */,
			);
			runOnlyForDeploymentPostprocessing = 0;
		};
		7517A39F1D4A945500D52880 /* Resources */ = {
			isa = PBXResourcesBuildPhase;
			buildActionMask = 2147483647;
			files = (
				75297DFB1D5A851800EC4C32 /* server-qa.der in Resources */,
				7519E3FD1D591C440031DF50 /* TradeItAdView.xib in Resources */,
				75297DF81D5A851800EC4C32 /* server-prod.der in Resources */,
			);
			runOnlyForDeploymentPostprocessing = 0;
		};
		7519E3D61D591B6A0031DF50 /* Resources */ = {
			isa = PBXResourcesBuildPhase;
			buildActionMask = 2147483647;
			files = (
				75297DFC1D5A851800EC4C32 /* server-qa.der in Resources */,
				75297DF91D5A851800EC4C32 /* server-prod.der in Resources */,
				7519E3E51D591B6A0031DF50 /* LaunchScreen.storyboard in Resources */,
				7519E3E21D591B6A0031DF50 /* Assets.xcassets in Resources */,
				7519E3E01D591B6A0031DF50 /* Main.storyboard in Resources */,
				7519E3F81D591C390031DF50 /* TradeItAdView.xib in Resources */,
			);
			runOnlyForDeploymentPostprocessing = 0;
		};
		7519E3E91D591B6B0031DF50 /* Resources */ = {
			isa = PBXResourcesBuildPhase;
			buildActionMask = 2147483647;
			files = (
			);
			runOnlyForDeploymentPostprocessing = 0;
		};
/* End PBXResourcesBuildPhase section */

/* Begin PBXSourcesBuildPhase section */
		7517A3921D4A945500D52880 /* Sources */ = {
			isa = PBXSourcesBuildPhase;
			buildActionMask = 2147483647;
			files = (
				750FA0BC1D4BB6AA00CE8753 /* AdService.swift in Sources */,
				FAE069D91D63D5740073A5A4 /* BundleProvider.swift in Sources */,
				751A50681D527C040091A171 /* TradeItAdEnvironment.swift in Sources */,
				758929C21D50E841004DC908 /* TradeItAdError.swift in Sources */,
				5154E2731DACF3E900E52B20 /* TradeItAdConfig.swift in Sources */,
				750FA0AF1D4AAEE000CE8753 /* TradeItAdView.swift in Sources */,
				75297DF21D5A754700EC4C32 /* SSLPinningDelegate.swift in Sources */,
			);
			runOnlyForDeploymentPostprocessing = 0;
		};
		7517A39D1D4A945500D52880 /* Sources */ = {
			isa = PBXSourcesBuildPhase;
			buildActionMask = 2147483647;
			files = (
				7519E4001D591C440031DF50 /* TradeItAdConfig.swift in Sources */,
				7517A3A71D4A945500D52880 /* TradeItIosAdSdkTests.swift in Sources */,
				7519E4011D591C440031DF50 /* TradeItAdEnvironment.swift in Sources */,
				7519E3FF1D591C440031DF50 /* TradeItAdError.swift in Sources */,
				7519E4031D591C4F0031DF50 /* AdService.swift in Sources */,
				75297DF31D5A754700EC4C32 /* SSLPinningDelegate.swift in Sources */,
				7519E3FE1D591C440031DF50 /* TradeItAdView.swift in Sources */,
			);
			runOnlyForDeploymentPostprocessing = 0;
		};
		7519E3D41D591B6A0031DF50 /* Sources */ = {
			isa = PBXSourcesBuildPhase;
			buildActionMask = 2147483647;
			files = (
				7519E3FC1D591C390031DF50 /* TradeItAdEnvironment.swift in Sources */,
				5154E2741DACF3ED00E52B20 /* TradeItAdConfig.swift in Sources */,
				FAE069DA1D63D5770073A5A4 /* BundleProvider.swift in Sources */,
				7519E4021D591C4F0031DF50 /* AdService.swift in Sources */,
				7519E3DD1D591B6A0031DF50 /* ViewController.swift in Sources */,
				75297DF41D5A754700EC4C32 /* SSLPinningDelegate.swift in Sources */,
				7519E3F91D591C390031DF50 /* TradeItAdView.swift in Sources */,
				7519E3DB1D591B6A0031DF50 /* AppDelegate.swift in Sources */,
				7519E3FA1D591C390031DF50 /* TradeItAdError.swift in Sources */,
			);
			runOnlyForDeploymentPostprocessing = 0;
		};
		7519E3E71D591B6B0031DF50 /* Sources */ = {
			isa = PBXSourcesBuildPhase;
			buildActionMask = 2147483647;
			files = (
				5154E2771DACFD1A00E52B20 /* BundleProvider.swift in Sources */,
				7519E3F01D591B6B0031DF50 /* ExampleAppUITests.swift in Sources */,
			);
			runOnlyForDeploymentPostprocessing = 0;
		};
/* End PBXSourcesBuildPhase section */

/* Begin PBXTargetDependency section */
		7517A3A41D4A945500D52880 /* PBXTargetDependency */ = {
			isa = PBXTargetDependency;
			target = 7517A3961D4A945500D52880 /* TradeItIosAdSdk */;
			targetProxy = 7517A3A31D4A945500D52880 /* PBXContainerItemProxy */;
		};
		7519E3ED1D591B6B0031DF50 /* PBXTargetDependency */ = {
			isa = PBXTargetDependency;
			target = 7519E3D71D591B6A0031DF50 /* ExampleApp */;
			targetProxy = 7519E3EC1D591B6B0031DF50 /* PBXContainerItemProxy */;
		};
/* End PBXTargetDependency section */

/* Begin PBXVariantGroup section */
		7519E3DE1D591B6A0031DF50 /* Main.storyboard */ = {
			isa = PBXVariantGroup;
			children = (
				7519E3DF1D591B6A0031DF50 /* Base */,
			);
			name = Main.storyboard;
			sourceTree = "<group>";
		};
		7519E3E31D591B6A0031DF50 /* LaunchScreen.storyboard */ = {
			isa = PBXVariantGroup;
			children = (
				7519E3E41D591B6A0031DF50 /* Base */,
			);
			name = LaunchScreen.storyboard;
			sourceTree = "<group>";
		};
/* End PBXVariantGroup section */

/* Begin XCBuildConfiguration section */
		7517A3A91D4A945500D52880 /* Debug */ = {
			isa = XCBuildConfiguration;
			buildSettings = {
				ALWAYS_SEARCH_USER_PATHS = NO;
				CLANG_ANALYZER_NONNULL = YES;
				CLANG_CXX_LANGUAGE_STANDARD = "gnu++0x";
				CLANG_CXX_LIBRARY = "libc++";
				CLANG_ENABLE_MODULES = YES;
				CLANG_ENABLE_OBJC_ARC = YES;
				CLANG_WARN_BOOL_CONVERSION = YES;
				CLANG_WARN_CONSTANT_CONVERSION = YES;
				CLANG_WARN_DIRECT_OBJC_ISA_USAGE = YES_ERROR;
				CLANG_WARN_EMPTY_BODY = YES;
				CLANG_WARN_ENUM_CONVERSION = YES;
				CLANG_WARN_INFINITE_RECURSION = YES;
				CLANG_WARN_INT_CONVERSION = YES;
				CLANG_WARN_OBJC_ROOT_CLASS = YES_ERROR;
				CLANG_WARN_SUSPICIOUS_MOVE = YES;
				CLANG_WARN_UNREACHABLE_CODE = YES;
				CLANG_WARN__DUPLICATE_METHOD_MATCH = YES;
				"CODE_SIGN_IDENTITY[sdk=iphoneos*]" = "iPhone Developer";
				COPY_PHASE_STRIP = NO;
				CURRENT_PROJECT_VERSION = 1;
				DEBUG_INFORMATION_FORMAT = dwarf;
				DEFINES_MODULE = YES;
				ENABLE_STRICT_OBJC_MSGSEND = YES;
				ENABLE_TESTABILITY = YES;
				GCC_C_LANGUAGE_STANDARD = gnu99;
				GCC_DYNAMIC_NO_PIC = NO;
				GCC_NO_COMMON_BLOCKS = YES;
				GCC_OPTIMIZATION_LEVEL = 0;
				GCC_PREPROCESSOR_DEFINITIONS = (
					"DEBUG=1",
					"$(inherited)",
				);
				GCC_WARN_64_TO_32_BIT_CONVERSION = YES;
				GCC_WARN_ABOUT_RETURN_TYPE = YES_ERROR;
				GCC_WARN_UNDECLARED_SELECTOR = YES;
				GCC_WARN_UNINITIALIZED_AUTOS = YES_AGGRESSIVE;
				GCC_WARN_UNUSED_FUNCTION = YES;
				GCC_WARN_UNUSED_VARIABLE = YES;
				IPHONEOS_DEPLOYMENT_TARGET = 8.0;
				MTL_ENABLE_DEBUG_INFO = YES;
				ONLY_ACTIVE_ARCH = YES;
				PRODUCT_MODULE_NAME = TradeItIosAdSdk;
				SDKROOT = iphoneos;
				SWIFT_OPTIMIZATION_LEVEL = "-Onone";
				TARGETED_DEVICE_FAMILY = "1,2";
				VERSIONING_SYSTEM = "apple-generic";
				VERSION_INFO_PREFIX = "";
			};
			name = Debug;
		};
		7517A3AA1D4A945500D52880 /* Release */ = {
			isa = XCBuildConfiguration;
			buildSettings = {
				ALWAYS_SEARCH_USER_PATHS = NO;
				CLANG_ANALYZER_NONNULL = YES;
				CLANG_CXX_LANGUAGE_STANDARD = "gnu++0x";
				CLANG_CXX_LIBRARY = "libc++";
				CLANG_ENABLE_MODULES = YES;
				CLANG_ENABLE_OBJC_ARC = YES;
				CLANG_WARN_BOOL_CONVERSION = YES;
				CLANG_WARN_CONSTANT_CONVERSION = YES;
				CLANG_WARN_DIRECT_OBJC_ISA_USAGE = YES_ERROR;
				CLANG_WARN_EMPTY_BODY = YES;
				CLANG_WARN_ENUM_CONVERSION = YES;
				CLANG_WARN_INFINITE_RECURSION = YES;
				CLANG_WARN_INT_CONVERSION = YES;
				CLANG_WARN_OBJC_ROOT_CLASS = YES_ERROR;
				CLANG_WARN_SUSPICIOUS_MOVE = YES;
				CLANG_WARN_UNREACHABLE_CODE = YES;
				CLANG_WARN__DUPLICATE_METHOD_MATCH = YES;
				"CODE_SIGN_IDENTITY[sdk=iphoneos*]" = "iPhone Developer";
				COPY_PHASE_STRIP = NO;
				CURRENT_PROJECT_VERSION = 1;
				DEBUG_INFORMATION_FORMAT = "dwarf-with-dsym";
				DEFINES_MODULE = YES;
				ENABLE_NS_ASSERTIONS = NO;
				ENABLE_STRICT_OBJC_MSGSEND = YES;
				GCC_C_LANGUAGE_STANDARD = gnu99;
				GCC_NO_COMMON_BLOCKS = YES;
				GCC_WARN_64_TO_32_BIT_CONVERSION = YES;
				GCC_WARN_ABOUT_RETURN_TYPE = YES_ERROR;
				GCC_WARN_UNDECLARED_SELECTOR = YES;
				GCC_WARN_UNINITIALIZED_AUTOS = YES_AGGRESSIVE;
				GCC_WARN_UNUSED_FUNCTION = YES;
				GCC_WARN_UNUSED_VARIABLE = YES;
				IPHONEOS_DEPLOYMENT_TARGET = 8.0;
				MTL_ENABLE_DEBUG_INFO = NO;
				PRODUCT_MODULE_NAME = TradeItIosAdSdk;
				SDKROOT = iphoneos;
				SWIFT_OPTIMIZATION_LEVEL = "-Owholemodule";
				TARGETED_DEVICE_FAMILY = "1,2";
				VALIDATE_PRODUCT = YES;
				VERSIONING_SYSTEM = "apple-generic";
				VERSION_INFO_PREFIX = "";
			};
			name = Release;
		};
		7517A3AC1D4A945500D52880 /* Debug */ = {
			isa = XCBuildConfiguration;
			buildSettings = {
				ALWAYS_EMBED_SWIFT_STANDARD_LIBRARIES = NO;
				CLANG_ENABLE_MODULES = YES;
				CODE_SIGN_IDENTITY = "iPhone Developer";
				"CODE_SIGN_IDENTITY[sdk=iphoneos*]" = "";
				DEFINES_MODULE = YES;
				DYLIB_COMPATIBILITY_VERSION = 1;
				DYLIB_CURRENT_VERSION = 1;
				DYLIB_INSTALL_NAME_BASE = "@rpath";
				INFOPLIST_FILE = TradeItIosAdSdk/Info.plist;
				INSTALL_PATH = "$(LOCAL_LIBRARY_DIR)/Frameworks";
				LD_RUNPATH_SEARCH_PATHS = "$(inherited) @executable_path/Frameworks @loader_path/Frameworks";
				PRODUCT_BUNDLE_IDENTIFIER = TradeIt.TradeItIosAdSdk;
				PRODUCT_NAME = "$(TARGET_NAME)";
				PROVISIONING_PROFILE = "";
				SKIP_INSTALL = YES;
				SWIFT_OBJC_BRIDGING_HEADER = "";
				SWIFT_OPTIMIZATION_LEVEL = "-Onone";
				SWIFT_VERSION = 3.0;
			};
			name = Debug;
		};
		7517A3AD1D4A945500D52880 /* Release */ = {
			isa = XCBuildConfiguration;
			buildSettings = {
				ALWAYS_EMBED_SWIFT_STANDARD_LIBRARIES = NO;
				CLANG_ENABLE_MODULES = YES;
				CODE_SIGN_IDENTITY = "iPhone Developer";
				"CODE_SIGN_IDENTITY[sdk=iphoneos*]" = "";
				DEFINES_MODULE = YES;
				DYLIB_COMPATIBILITY_VERSION = 1;
				DYLIB_CURRENT_VERSION = 1;
				DYLIB_INSTALL_NAME_BASE = "@rpath";
				INFOPLIST_FILE = TradeItIosAdSdk/Info.plist;
				INSTALL_PATH = "$(LOCAL_LIBRARY_DIR)/Frameworks";
				LD_RUNPATH_SEARCH_PATHS = "$(inherited) @executable_path/Frameworks @loader_path/Frameworks";
				PRODUCT_BUNDLE_IDENTIFIER = TradeIt.TradeItIosAdSdk;
				PRODUCT_NAME = "$(TARGET_NAME)";
				PROVISIONING_PROFILE = "";
				SKIP_INSTALL = YES;
				SWIFT_OBJC_BRIDGING_HEADER = "";
				SWIFT_VERSION = 3.0;
			};
			name = Release;
		};
		7517A3AF1D4A945500D52880 /* Debug */ = {
			isa = XCBuildConfiguration;
			buildSettings = {
				INFOPLIST_FILE = TradeItIosAdSdkTests/Info.plist;
				LD_RUNPATH_SEARCH_PATHS = "$(inherited) @executable_path/Frameworks @loader_path/Frameworks";
				PRODUCT_BUNDLE_IDENTIFIER = TradeIt.TradeItIosAdSdkTests;
				PRODUCT_NAME = "$(TARGET_NAME)";
				SWIFT_VERSION = 3.0;
			};
			name = Debug;
		};
		7517A3B01D4A945500D52880 /* Release */ = {
			isa = XCBuildConfiguration;
			buildSettings = {
				INFOPLIST_FILE = TradeItIosAdSdkTests/Info.plist;
				LD_RUNPATH_SEARCH_PATHS = "$(inherited) @executable_path/Frameworks @loader_path/Frameworks";
				PRODUCT_BUNDLE_IDENTIFIER = TradeIt.TradeItIosAdSdkTests;
				PRODUCT_NAME = "$(TARGET_NAME)";
				SWIFT_VERSION = 3.0;
			};
			name = Release;
		};
		7519E3F21D591B6B0031DF50 /* Debug */ = {
			isa = XCBuildConfiguration;
			buildSettings = {
				ASSETCATALOG_COMPILER_APPICON_NAME = AppIcon;
				CODE_SIGN_IDENTITY = "iPhone Developer";
				"CODE_SIGN_IDENTITY[sdk=iphoneos*]" = "iPhone Developer";
				INFOPLIST_FILE = ExampleApp/Info.plist;
				LD_RUNPATH_SEARCH_PATHS = "$(inherited) @executable_path/Frameworks";
				PRODUCT_BUNDLE_IDENTIFIER = TradeIt.ExampleApp;
				PRODUCT_NAME = "$(TARGET_NAME)";
				PROVISIONING_PROFILE = "";
				SWIFT_VERSION = 3.0;
			};
			name = Debug;
		};
		7519E3F31D591B6B0031DF50 /* Release */ = {
			isa = XCBuildConfiguration;
			buildSettings = {
				ASSETCATALOG_COMPILER_APPICON_NAME = AppIcon;
				CODE_SIGN_IDENTITY = "iPhone Developer";
				"CODE_SIGN_IDENTITY[sdk=iphoneos*]" = "iPhone Developer";
				INFOPLIST_FILE = ExampleApp/Info.plist;
				LD_RUNPATH_SEARCH_PATHS = "$(inherited) @executable_path/Frameworks";
				PRODUCT_BUNDLE_IDENTIFIER = TradeIt.ExampleApp;
				PRODUCT_NAME = "$(TARGET_NAME)";
				PROVISIONING_PROFILE = "";
				SWIFT_VERSION = 3.0;
			};
			name = Release;
		};
		7519E3F41D591B6B0031DF50 /* Debug */ = {
			isa = XCBuildConfiguration;
			buildSettings = {
				INFOPLIST_FILE = ExampleAppUITests/Info.plist;
				LD_RUNPATH_SEARCH_PATHS = "$(inherited) @executable_path/Frameworks @loader_path/Frameworks";
				PRODUCT_BUNDLE_IDENTIFIER = TradeIt.ExampleAppUITests;
				PRODUCT_NAME = "$(TARGET_NAME)";
				SWIFT_VERSION = 3.0;
				TEST_TARGET_NAME = ExampleApp;
			};
			name = Debug;
		};
		7519E3F51D591B6B0031DF50 /* Release */ = {
			isa = XCBuildConfiguration;
			buildSettings = {
				INFOPLIST_FILE = ExampleAppUITests/Info.plist;
				LD_RUNPATH_SEARCH_PATHS = "$(inherited) @executable_path/Frameworks @loader_path/Frameworks";
				PRODUCT_BUNDLE_IDENTIFIER = TradeIt.ExampleAppUITests;
				PRODUCT_NAME = "$(TARGET_NAME)";
				SWIFT_VERSION = 3.0;
				TEST_TARGET_NAME = ExampleApp;
			};
			name = Release;
		};
/* End XCBuildConfiguration section */

/* Begin XCConfigurationList section */
		7517A3911D4A945500D52880 /* Build configuration list for PBXProject "TradeItIosAdSdk" */ = {
			isa = XCConfigurationList;
			buildConfigurations = (
				7517A3A91D4A945500D52880 /* Debug */,
				7517A3AA1D4A945500D52880 /* Release */,
			);
			defaultConfigurationIsVisible = 0;
			defaultConfigurationName = Release;
		};
		7517A3AB1D4A945500D52880 /* Build configuration list for PBXNativeTarget "TradeItIosAdSdk" */ = {
			isa = XCConfigurationList;
			buildConfigurations = (
				7517A3AC1D4A945500D52880 /* Debug */,
				7517A3AD1D4A945500D52880 /* Release */,
			);
			defaultConfigurationIsVisible = 0;
			defaultConfigurationName = Release;
		};
		7517A3AE1D4A945500D52880 /* Build configuration list for PBXNativeTarget "TradeItIosAdSdkTests" */ = {
			isa = XCConfigurationList;
			buildConfigurations = (
				7517A3AF1D4A945500D52880 /* Debug */,
				7517A3B01D4A945500D52880 /* Release */,
			);
			defaultConfigurationIsVisible = 0;
			defaultConfigurationName = Release;
		};
		7519E3F61D591B6B0031DF50 /* Build configuration list for PBXNativeTarget "ExampleApp" */ = {
			isa = XCConfigurationList;
			buildConfigurations = (
				7519E3F21D591B6B0031DF50 /* Debug */,
				7519E3F31D591B6B0031DF50 /* Release */,
			);
			defaultConfigurationIsVisible = 0;
			defaultConfigurationName = Release;
		};
		7519E3F71D591B6B0031DF50 /* Build configuration list for PBXNativeTarget "ExampleAppUITests" */ = {
			isa = XCConfigurationList;
			buildConfigurations = (
				7519E3F41D591B6B0031DF50 /* Debug */,
				7519E3F51D591B6B0031DF50 /* Release */,
			);
			defaultConfigurationIsVisible = 0;
			defaultConfigurationName = Release;
		};
/* End XCConfigurationList section */
	};
	rootObject = 7517A38E1D4A945500D52880 /* Project object */;
}
